golang.org/x/net v0.0.0-20220907013720-d52c520e3766 h1:D02YdIT3M6OQkZXTQiO761u/SmR3DDDiDXLN2oZIUac=
golang.org/x/net v0.0.0-20220907013720-d52c520e3766/go.mod h1:CfG3xpIq0wQ8r1q4Su4UZFWDARRcnwPjda9FqA0JpMk=
golang.org/x/text v0.3.8-0.20220509174342-b4bca84b0361 h1:h+pU/hCb7sEApigI6eII3/Emx5ZHaFWS+nulUp0Az/k=
golang.org/x/text v0.3.8-0.20220509174342-b4bca84b0361/go.mod h1:5O0TPrbzDRCcAYs9rc2W4CFPmVHJfNFe8tESfECPJPE=
